
Microsoft Visual Studio Solution File, Format Version 12.00
# Visual Studio Version 16
VisualStudioVersion = 16.0.810.21
MinimumVisualStudioVersion = 10.0.40219.1
Project("{FAE04EC0-301F-11D3-BF4B-00C04F79EFBC}") = "SignalRAPI", "SignalRAPI\SignalRAPI.csproj", "{FB0390C7-0471-47BB-8B88-24450E09FA8F}"
EndProject
Global
	GlobalSection(SolutionConfigurationPlatforms) = preSolution
		Debug|Any CPU = Debug|Any CPU
		Release|Any CPU = Release|Any CPU
	EndGlobalSection
	GlobalSection(ProjectConfigurationPlatforms) = postSolution
		{FB0390C7-0471-47BB-8B88-24450E09FA8F}.Debug|Any CPU.ActiveCfg = Debug|Any CPU
		{FB0390C7-0471-47BB-8B88-24450E09FA8F}.Debug|Any CPU.Build.0 = Debug|Any CPU
		{FB0390C7-0471-47BB-8B88-24450E09FA8F}.Release|Any CPU.ActiveCfg = Release|Any CPU
		{FB0390C7-0471-47BB-8B88-24450E09FA8F}.Release|Any CPU.Build.0 = Release|Any CPU
	EndGlobalSection
	GlobalSection(SolutionProperties) = preSolution
		HideSolutionNode = FALSE
	EndGlobalSection
	GlobalSection(ExtensibilityGlobals) = postSolution
		SolutionGuid = {593A553F-AEF9-40C0-8D53-5D6412FBDFA3}
	EndGlobalSection
EndGlobal
